<?xml version="1.0" encoding="utf-8"?>
<Project ToolsVersion="16.0" xmlns="http://schemas.microsoft.com/developer/msbuild/2003">
  <ItemGroup>
    <ClCompile Include="src\support\log.cpp" />
    <ClCompile Include="src\support\pngsave.cpp" />
    <ClCompile Include="src\support\timing.cpp" />
    <ClCompile Include="src\mge\dlmath.cpp" />
    <ClCompile Include="src\mge\memorypool.cpp" />
    <ClCompile Include="src\mge\morrowindbsa.cpp" />
    <ClCompile Include="src\mge\configuration.cpp" />
    <ClCompile Include="src\mge\distantinit.cpp" />
    <ClCompile Include="src\mge\distantland.cpp" />
    <ClCompile Include="src\mge\ffeshader.cpp" />
    <ClCompile Include="src\mge\macrofunctions.cpp" />
    <ClCompile Include="src\mge\mged3d8device.cpp" />
    <ClCompile Include="src\mge\mgedinput.cpp" />
    <ClCompile Include="src\mge\mgedirect3d8.cpp" />
    <ClCompile Include="src\mge\mgedxwrap.cpp" />
    <ClCompile Include="src\mge\mwbridge.cpp" />
    <ClCompile Include="src\mge\postshaders.cpp" />
    <ClCompile Include="src\mge\quadtree.cpp" />
    <ClCompile Include="src\mge\renderdepth.cpp" />
    <ClCompile Include="src\mge\renderexterior.cpp" />
    <ClCompile Include="src\mge\rendergrass.cpp" />
    <ClCompile Include="src\mge\rendershadow.cpp" />
    <ClCompile Include="src\mge\renderwater.cpp" />
    <ClCompile Include="src\mge\statusoverlay.cpp" />
    <ClCompile Include="src\mge\userhud.cpp" />
    <ClCompile Include="src\mge\videobackground.cpp" />
    <ClCompile Include="src\mge\specificrender.cpp" />
    <ClCompile Include="src\mge\mwinitpatch.cpp" />
    <ClCompile Include="src\mwse\funcgeneral.cpp" />
    <ClCompile Include="src\mwse\funcgmst.cpp" />
    <ClCompile Include="src\mwse\funchud.cpp" />
    <ClCompile Include="src\mwse\funcweather.cpp" />
    <ClCompile Include="src\mwse\funcshader.cpp" />
    <ClCompile Include="src\mwse\funccamera.cpp" />
    <ClCompile Include="src\mwse\funcinput.cpp" />
    <ClCompile Include="src\mwse\funcentity.cpp" />
    <ClCompile Include="src\mwse\funcmwui.cpp" />
    <ClCompile Include="src\mwse\funcphysics.cpp" />
    <ClCompile Include="src\mwse\mgebridge.cpp" />
    <ClCompile Include="src\mwse\mwseinstruction.cpp" />
    <ClCompile Include="src\proxydx\d3d8device.cpp" />
    <ClCompile Include="src\proxydx\d3d8surface.cpp" />
    <ClCompile Include="src\proxydx\d3d8texture.cpp" />
    <ClCompile Include="src\proxydx\dinput8.cpp" />
    <ClCompile Include="src\proxydx\direct3d8.cpp" />
    <ClCompile Include="src\proxydx\dxguid.cpp" />
    <ClCompile Include="src\main.cpp" />
  </ItemGroup>
  <ItemGroup>
    <None Include="src\exports.def" />
  </ItemGroup>
  <ItemGroup>
    <Filter Include="Source Files">
      <UniqueIdentifier>{08B3CECE-DCC7-308E-BC7B-F786E7FD4028}</UniqueIdentifier>
    </Filter>
  </ItemGroup>
</Project>