<?xml version="1.0" encoding="utf-8"?>
<Project ToolsVersion="16.0" xmlns="http://schemas.microsoft.com/developer/msbuild/2003">
  <ItemGroup>
    <ClCompile Include="NifConverter.cpp" />
    <ClCompile Include="$(SolutionDir)\3rdparty\niflib\src\AnimSequence.cpp">
      <Filter>Niflib</Filter>
    </ClCompile>
    <ClCompile Include="$(SolutionDir)\3rdparty\niflib\src\gen\AdditionalDataBlock.cpp">
      <Filter>Niflib</Filter>
    </ClCompile>
    <ClCompile Include="$(SolutionDir)\3rdparty\niflib\src\gen\AdditionalDataInfo.cpp">
      <Filter>Niflib</Filter>
    </ClCompile>
    <ClCompile Include="$(SolutionDir)\3rdparty\niflib\src\gen\ArkTexture.cpp">
      <Filter>Niflib</Filter>
    </ClCompile>
    <ClCompile Include="$(SolutionDir)\3rdparty\niflib\src\gen\AVObject.cpp">
      <Filter>Niflib</Filter>
    </ClCompile>
    <ClCompile Include="$(SolutionDir)\3rdparty\niflib\src\gen\BodyPartList.cpp">
      <Filter>Niflib</Filter>
    </ClCompile>
    <ClCompile Include="$(SolutionDir)\3rdparty\niflib\src\gen\BoneLOD.cpp">
      <Filter>Niflib</Filter>
    </ClCompile>
    <ClCompile Include="$(SolutionDir)\3rdparty\niflib\src\gen\BoundingBox.cpp">
      <Filter>Niflib</Filter>
    </ClCompile>
    <ClCompile Include="$(SolutionDir)\3rdparty\niflib\src\gen\BoundingVolume.cpp">
      <Filter>Niflib</Filter>
    </ClCompile>
    <ClCompile Include="$(SolutionDir)\3rdparty\niflib\src\gen\BoxBV.cpp">
      <Filter>Niflib</Filter>
    </ClCompile>
    <ClCompile Include="$(SolutionDir)\3rdparty\niflib\src\obj\BSBlastNode.cpp">
      <Filter>Niflib</Filter>
    </ClCompile>
    <ClCompile Include="$(SolutionDir)\3rdparty\niflib\src\obj\BSBehaviorGraphExtraData.cpp">
      <Filter>Niflib</Filter>
    </ClCompile>
    <ClCompile Include="$(SolutionDir)\3rdparty\niflib\src\obj\BSAnimNotes.cpp">
      <Filter>Niflib</Filter>
    </ClCompile>
    <ClCompile Include="$(SolutionDir)\3rdparty\niflib\src\obj\BSBound.cpp">
      <Filter>Niflib</Filter>
    </ClCompile>
    <ClCompile Include="$(SolutionDir)\3rdparty\niflib\src\obj\BSDamageStage.cpp">
      <Filter>Niflib</Filter>
    </ClCompile>
    <ClCompile Include="$(SolutionDir)\3rdparty\niflib\src\obj\BSDecalPlacementVectorExtraData.cpp">
      <Filter>Niflib</Filter>
    </ClCompile>
    <ClCompile Include="$(SolutionDir)\3rdparty\niflib\src\obj\BSDismemberSkinInstance.cpp">
      <Filter>Niflib</Filter>
    </ClCompile>
    <ClCompile Include="$(SolutionDir)\3rdparty\niflib\src\obj\BSDistantTreeShaderProperty.cpp">
      <Filter>Niflib</Filter>
    </ClCompile>
    <ClCompile Include="$(SolutionDir)\3rdparty\niflib\src\obj\BSEffectShaderProperty.cpp">
      <Filter>Niflib</Filter>
    </ClCompile>
    <ClCompile Include="$(SolutionDir)\3rdparty\niflib\src\obj\BSEffectShaderPropertyColorController.cpp">
      <Filter>Niflib</Filter>
    </ClCompile>
    <ClCompile Include="$(SolutionDir)\3rdparty\niflib\src\obj\BSEffectShaderPropertyFloatController.cpp">
      <Filter>Niflib</Filter>
    </ClCompile>
    <ClCompile Include="$(SolutionDir)\3rdparty\niflib\src\obj\BSFadeNode.cpp">
      <Filter>Niflib</Filter>
    </ClCompile>
    <ClCompile Include="$(SolutionDir)\3rdparty\niflib\src\obj\BSFrustumFOVController.cpp">
      <Filter>Niflib</Filter>
    </ClCompile>
    <ClCompile Include="$(SolutionDir)\3rdparty\niflib\src\obj\BSFurnitureMarker.cpp">
      <Filter>Niflib</Filter>
    </ClCompile>
    <ClCompile Include="$(SolutionDir)\3rdparty\niflib\src\obj\BSFurnitureMarkerNode.cpp">
      <Filter>Niflib</Filter>
    </ClCompile>
    <ClCompile Include="$(SolutionDir)\3rdparty\niflib\src\obj\BSInvMarker.cpp">
      <Filter>Niflib</Filter>
    </ClCompile>
    <ClCompile Include="$(SolutionDir)\3rdparty\niflib\src\obj\BSKeyframeController.cpp">
      <Filter>Niflib</Filter>
    </ClCompile>
    <ClCompile Include="$(SolutionDir)\3rdparty\niflib\src\obj\BSLagBoneController.cpp">
      <Filter>Niflib</Filter>
    </ClCompile>
    <ClCompile Include="$(SolutionDir)\3rdparty\niflib\src\obj\BSLightingShaderPropertyColorController.cpp">
      <Filter>Niflib</Filter>
    </ClCompile>
    <ClCompile Include="$(SolutionDir)\3rdparty\niflib\src\obj\BSLightingShaderPropertyFloatController.cpp">
      <Filter>Niflib</Filter>
    </ClCompile>
    <ClCompile Include="$(SolutionDir)\3rdparty\niflib\src\obj\BSLightingShaderProperty.cpp">
      <Filter>Niflib</Filter>
    </ClCompile>
    <ClCompile Include="$(SolutionDir)\3rdparty\niflib\src\obj\BSLeafAnimNode.cpp">
      <Filter>Niflib</Filter>
    </ClCompile>
    <ClCompile Include="$(SolutionDir)\3rdparty\niflib\src\obj\BSBoneLODExtraData.cpp">
      <Filter>Niflib</Filter>
    </ClCompile>
    <ClCompile Include="$(SolutionDir)\3rdparty\niflib\src\obj\BSDebrisNode.cpp">
      <Filter>Niflib</Filter>
    </ClCompile>
    <ClCompile Include="$(SolutionDir)\3rdparty\niflib\src\obj\BSLODTriShape.cpp">
      <Filter>Niflib</Filter>
    </ClCompile>
    <ClCompile Include="$(SolutionDir)\3rdparty\niflib\src\obj\BSMasterParticleSystem.cpp">
      <Filter>Niflib</Filter>
    </ClCompile>
    <ClCompile Include="$(SolutionDir)\3rdparty\niflib\src\obj\BSMaterialEmittanceMultController.cpp">
      <Filter>Niflib</Filter>
    </ClCompile>
    <ClCompile Include="$(SolutionDir)\3rdparty\niflib\src\obj\BSMultiBound.cpp">
      <Filter>Niflib</Filter>
    </ClCompile>
    <ClCompile Include="$(SolutionDir)\3rdparty\niflib\src\obj\BSMultiBoundAABB.cpp">
      <Filter>Niflib</Filter>
    </ClCompile>
    <ClCompile Include="$(SolutionDir)\3rdparty\niflib\src\obj\BSMultiBoundData.cpp">
      <Filter>Niflib</Filter>
    </ClCompile>
    <ClCompile Include="$(SolutionDir)\3rdparty\niflib\src\obj\BSMultiBoundNode.cpp">
      <Filter>Niflib</Filter>
    </ClCompile>
    <ClCompile Include="$(SolutionDir)\3rdparty\niflib\src\obj\BSMultiBoundOBB.cpp">
      <Filter>Niflib</Filter>
    </ClCompile>
    <ClCompile Include="$(SolutionDir)\3rdparty\niflib\src\obj\BSMultiBoundSphere.cpp">
      <Filter>Niflib</Filter>
    </ClCompile>
    <ClCompile Include="$(SolutionDir)\3rdparty\niflib\src\obj\BSNiAlphaPropertyTestRefController.cpp">
      <Filter>Niflib</Filter>
    </ClCompile>
    <ClCompile Include="$(SolutionDir)\3rdparty\niflib\src\obj\BSOrderedNode.cpp">
      <Filter>Niflib</Filter>
    </ClCompile>
    <ClCompile Include="$(SolutionDir)\3rdparty\niflib\src\gen\BSPackedAdditionalDataBlock.cpp">
      <Filter>Niflib</Filter>
    </ClCompile>
    <ClCompile Include="$(SolutionDir)\3rdparty\niflib\src\obj\BSPackedAdditionalGeometryData.cpp">
      <Filter>Niflib</Filter>
    </ClCompile>
    <ClCompile Include="$(SolutionDir)\3rdparty\niflib\src\obj\BSParentVelocityModifier.cpp">
      <Filter>Niflib</Filter>
    </ClCompile>
    <ClCompile Include="$(SolutionDir)\3rdparty\niflib\src\obj\BSProceduralLightningController.cpp">
      <Filter>Niflib</Filter>
    </ClCompile>
    <ClCompile Include="$(SolutionDir)\3rdparty\niflib\src\obj\BSPSysArrayEmitter.cpp">
      <Filter>Niflib</Filter>
    </ClCompile>
    <ClCompile Include="$(SolutionDir)\3rdparty\niflib\src\obj\BSPSysHavokUpdateModifier.cpp">
      <Filter>Niflib</Filter>
    </ClCompile>
    <ClCompile Include="$(SolutionDir)\3rdparty\niflib\src\obj\BSPSysInheritVelocityModifier.cpp">
      <Filter>Niflib</Filter>
    </ClCompile>
    <ClCompile Include="$(SolutionDir)\3rdparty\niflib\src\obj\BSPSysLODModifier.cpp">
      <Filter>Niflib</Filter>
    </ClCompile>
    <ClCompile Include="$(SolutionDir)\3rdparty\niflib\src\obj\BSPSysMultiTargetEmitterCtlr.cpp">
      <Filter>Niflib</Filter>
    </ClCompile>
    <ClCompile Include="$(SolutionDir)\3rdparty\niflib\src\obj\BSPSysRecycleBoundModifier.cpp">
      <Filter>Niflib</Filter>
    </ClCompile>
    <ClCompile Include="$(SolutionDir)\3rdparty\niflib\src\obj\BSPSysScaleModifier.cpp">
      <Filter>Niflib</Filter>
    </ClCompile>
    <ClCompile Include="$(SolutionDir)\3rdparty\niflib\src\obj\BSPSysSimpleColorModifier.cpp">
      <Filter>Niflib</Filter>
    </ClCompile>
    <ClCompile Include="$(SolutionDir)\3rdparty\niflib\src\obj\BSPSysStripUpdateModifier.cpp">
      <Filter>Niflib</Filter>
    </ClCompile>
    <ClCompile Include="$(SolutionDir)\3rdparty\niflib\src\obj\BSPSysSubTexModifier.cpp">
      <Filter>Niflib</Filter>
    </ClCompile>
    <ClCompile Include="$(SolutionDir)\3rdparty\niflib\src\obj\BSRefractionFirePeriodController.cpp">
      <Filter>Niflib</Filter>
    </ClCompile>
    <ClCompile Include="$(SolutionDir)\3rdparty\niflib\src\obj\BSRefractionStrengthController.cpp">
      <Filter>Niflib</Filter>
    </ClCompile>
    <ClCompile Include="$(SolutionDir)\3rdparty\niflib\src\obj\BSRotAccumTransfInterpolator.cpp">
      <Filter>Niflib</Filter>
    </ClCompile>
    <ClCompile Include="$(SolutionDir)\3rdparty\niflib\src\gen\BSSegment.cpp">
      <Filter>Niflib</Filter>
    </ClCompile>
    <ClCompile Include="$(SolutionDir)\3rdparty\niflib\src\gen\BSSegmentedTriangle.cpp">
      <Filter>Niflib</Filter>
    </ClCompile>
    <ClCompile Include="$(SolutionDir)\3rdparty\niflib\src\obj\BSSegmentedTriShape.cpp">
      <Filter>Niflib</Filter>
    </ClCompile>
    <ClCompile Include="$(SolutionDir)\3rdparty\niflib\src\obj\BSShaderLightingProperty.cpp">
      <Filter>Niflib</Filter>
    </ClCompile>
    <ClCompile Include="$(SolutionDir)\3rdparty\niflib\src\obj\BSShaderNoLightingProperty.cpp">
      <Filter>Niflib</Filter>
    </ClCompile>
    <ClCompile Include="$(SolutionDir)\3rdparty\niflib\src\obj\BSShaderPPLightingProperty.cpp">
      <Filter>Niflib</Filter>
    </ClCompile>
    <ClCompile Include="$(SolutionDir)\3rdparty\niflib\src\obj\BSShaderProperty.cpp">
      <Filter>Niflib</Filter>
    </ClCompile>
    <ClCompile Include="$(SolutionDir)\3rdparty\niflib\src\obj\BSShaderTextureSet.cpp">
      <Filter>Niflib</Filter>
    </ClCompile>
    <ClCompile Include="$(SolutionDir)\3rdparty\niflib\src\obj\BSSkyShaderProperty.cpp">
      <Filter>Niflib</Filter>
    </ClCompile>
    <ClCompile Include="$(SolutionDir)\3rdparty\niflib\src\obj\BSStripParticleSystem.cpp">
      <Filter>Niflib</Filter>
    </ClCompile>
    <ClCompile Include="$(SolutionDir)\3rdparty\niflib\src\obj\BSStripPSysData.cpp">
      <Filter>Niflib</Filter>
    </ClCompile>
    <ClCompile Include="$(SolutionDir)\3rdparty\niflib\src\gen\BSTreadTransfInfo.cpp">
      <Filter>Niflib</Filter>
    </ClCompile>
    <ClCompile Include="$(SolutionDir)\3rdparty\niflib\src\obj\BSTreadTransfInterpolator.cpp">
      <Filter>Niflib</Filter>
    </ClCompile>
    <ClCompile Include="$(SolutionDir)\3rdparty\niflib\src\gen\BSTreadTransform.cpp">
      <Filter>Niflib</Filter>
    </ClCompile>
    <ClCompile Include="$(SolutionDir)\3rdparty\niflib\src\gen\BSTreadTransformData.cpp">
      <Filter>Niflib</Filter>
    </ClCompile>
    <ClCompile Include="$(SolutionDir)\3rdparty\niflib\src\gen\BSTreadTransfSubInfo.cpp">
      <Filter>Niflib</Filter>
    </ClCompile>
    <ClCompile Include="$(SolutionDir)\3rdparty\niflib\src\obj\BSTreeNode.cpp">
      <Filter>Niflib</Filter>
    </ClCompile>
    <ClCompile Include="$(SolutionDir)\3rdparty\niflib\src\obj\BSValueNode.cpp">
      <Filter>Niflib</Filter>
    </ClCompile>
    <ClCompile Include="$(SolutionDir)\3rdparty\niflib\src\obj\BSWArray.cpp">
      <Filter>Niflib</Filter>
    </ClCompile>
    <ClCompile Include="$(SolutionDir)\3rdparty\niflib\src\obj\BSWaterShaderProperty.cpp">
      <Filter>Niflib</Filter>
    </ClCompile>
    <ClCompile Include="$(SolutionDir)\3rdparty\niflib\src\obj\BSWindModifier.cpp">
      <Filter>Niflib</Filter>
    </ClCompile>
    <ClCompile Include="$(SolutionDir)\3rdparty\niflib\src\obj\BSXFlags.cpp">
      <Filter>Niflib</Filter>
    </ClCompile>
    <ClCompile Include="$(SolutionDir)\3rdparty\niflib\src\gen\ExtraMeshDataEpicMickey.cpp">
      <Filter>Niflib</Filter>
    </ClCompile>
    <ClCompile Include="$(SolutionDir)\3rdparty\niflib\src\gen\ExtraMeshDataEpicMickey2.cpp">
      <Filter>Niflib</Filter>
    </ClCompile>
    <ClCompile Include="$(SolutionDir)\3rdparty\tootle\src\TootleLib\aligned_malloc.cpp">
      <Filter>Tootle</Filter>
    </ClCompile>
    <ClCompile Include="$(SolutionDir)\3rdparty\tootle\src\TootleLib\d3doverdrawwindow.cpp">
      <Filter>Tootle</Filter>
    </ClCompile>
    <ClCompile Include="$(SolutionDir)\3rdparty\tootle\src\TootleLib\clustering.cpp">
      <Filter>Tootle</Filter>
    </ClCompile>
    <ClCompile Include="$(SolutionDir)\3rdparty\tootle\src\TootleLib\d3dwm.cpp">
      <Filter>Tootle</Filter>
    </ClCompile>
    <ClCompile Include="$(SolutionDir)\3rdparty\tootle\src\TootleLib\feedback.cpp">
      <Filter>Tootle</Filter>
    </ClCompile>
    <ClCompile Include="$(SolutionDir)\3rdparty\tootle\src\TootleLib\fit.cpp">
      <Filter>Tootle</Filter>
    </ClCompile>
    <ClCompile Include="$(SolutionDir)\3rdparty\tootle\src\TootleLib\error.c">
      <Filter>Tootle</Filter>
    </ClCompile>
    <ClCompile Include="$(SolutionDir)\3rdparty\tootle\src\TootleLib\heap.c">
      <Filter>Tootle</Filter>
    </ClCompile>
    <ClCompile Include="$(SolutionDir)\3rdparty\niflib\src\gen\enums.cpp">
      <Filter>Niflib</Filter>
    </ClCompile>
    <ClCompile Include="$(SolutionDir)\3rdparty\niflib\src\obj\Ni3dsAlphaAnimator.cpp">
      <Filter>Niflib</Filter>
    </ClCompile>
    <ClCompile Include="$(SolutionDir)\3rdparty\niflib\src\obj\Ni3dsAnimationNode.cpp">
      <Filter>Niflib</Filter>
    </ClCompile>
    <ClCompile Include="$(SolutionDir)\3rdparty\niflib\src\obj\Ni3dsColorAnimator.cpp">
      <Filter>Niflib</Filter>
    </ClCompile>
    <ClCompile Include="$(SolutionDir)\3rdparty\niflib\src\obj\Ni3dsMorphShape.cpp">
      <Filter>Niflib</Filter>
    </ClCompile>
    <ClCompile Include="$(SolutionDir)\3rdparty\niflib\src\obj\Ni3dsParticleSystem.cpp">
      <Filter>Niflib</Filter>
    </ClCompile>
    <ClCompile Include="$(SolutionDir)\3rdparty\niflib\src\obj\Ni3dsPathController.cpp">
      <Filter>Niflib</Filter>
    </ClCompile>
    <ClCompile Include="$(SolutionDir)\3rdparty\niflib\src\obj\NiAdditionalGeometryData.cpp">
      <Filter>Niflib</Filter>
    </ClCompile>
    <ClCompile Include="$(SolutionDir)\3rdparty\niflib\src\obj\NiAlphaController.cpp">
      <Filter>Niflib</Filter>
    </ClCompile>
    <ClCompile Include="$(SolutionDir)\3rdparty\niflib\src\obj\NiAlphaProperty.cpp">
      <Filter>Niflib</Filter>
    </ClCompile>
    <ClCompile Include="$(SolutionDir)\3rdparty\niflib\src\obj\NiAmbientLight.cpp">
      <Filter>Niflib</Filter>
    </ClCompile>
    <ClCompile Include="$(SolutionDir)\3rdparty\niflib\src\obj\NiArkAnimationExtraData.cpp">
      <Filter>Niflib</Filter>
    </ClCompile>
    <ClCompile Include="$(SolutionDir)\3rdparty\niflib\src\obj\NiArkImporterExtraData.cpp">
      <Filter>Niflib</Filter>
    </ClCompile>
    <ClCompile Include="$(SolutionDir)\3rdparty\niflib\src\obj\NiArkShaderExtraData.cpp">
      <Filter>Niflib</Filter>
    </ClCompile>
    <ClCompile Include="$(SolutionDir)\3rdparty\niflib\src\obj\NiArkTextureExtraData.cpp">
      <Filter>Niflib</Filter>
    </ClCompile>
    <ClCompile Include="$(SolutionDir)\3rdparty\niflib\src\obj\NiArkViewportInfoExtraData.cpp">
      <Filter>Niflib</Filter>
    </ClCompile>
    <ClCompile Include="$(SolutionDir)\3rdparty\niflib\src\obj\NiAutoNormalParticles.cpp">
      <Filter>Niflib</Filter>
    </ClCompile>
    <ClCompile Include="$(SolutionDir)\3rdparty\niflib\src\obj\NiAutoNormalParticlesData.cpp">
      <Filter>Niflib</Filter>
    </ClCompile>
    <ClCompile Include="$(SolutionDir)\3rdparty\niflib\src\obj\NiAVObject.cpp">
      <Filter>Niflib</Filter>
    </ClCompile>
    <ClCompile Include="$(SolutionDir)\3rdparty\niflib\src\obj\NiAVObjectPalette.cpp">
      <Filter>Niflib</Filter>
    </ClCompile>
    <ClCompile Include="$(SolutionDir)\3rdparty\niflib\src\obj\NiBezierMesh.cpp">
      <Filter>Niflib</Filter>
    </ClCompile>
    <ClCompile Include="$(SolutionDir)\3rdparty\niflib\src\obj\NiBezierTriangle4.cpp">
      <Filter>Niflib</Filter>
    </ClCompile>
    <ClCompile Include="$(SolutionDir)\3rdparty\niflib\src\obj\NiBillboardNode.cpp">
      <Filter>Niflib</Filter>
    </ClCompile>
    <ClCompile Include="$(SolutionDir)\3rdparty\niflib\src\obj\NiBinaryExtraData.cpp">
      <Filter>Niflib</Filter>
    </ClCompile>
    <ClCompile Include="$(SolutionDir)\3rdparty\niflib\src\obj\NiBinaryVoxelData.cpp">
      <Filter>Niflib</Filter>
    </ClCompile>
    <ClCompile Include="$(SolutionDir)\3rdparty\niflib\src\obj\NiBinaryVoxelExtraData.cpp">
      <Filter>Niflib</Filter>
    </ClCompile>
    <ClCompile Include="$(SolutionDir)\3rdparty\niflib\src\obj\NiBlendBoolInterpolator.cpp">
      <Filter>Niflib</Filter>
    </ClCompile>
    <ClCompile Include="$(SolutionDir)\3rdparty\niflib\src\obj\NiBlendFloatInterpolator.cpp">
      <Filter>Niflib</Filter>
    </ClCompile>
    <ClCompile Include="$(SolutionDir)\3rdparty\niflib\src\obj\NiBlendInterpolator.cpp">
      <Filter>Niflib</Filter>
    </ClCompile>
    <ClCompile Include="$(SolutionDir)\3rdparty\niflib\src\obj\NiBlendPoint3Interpolator.cpp">
      <Filter>Niflib</Filter>
    </ClCompile>
    <ClCompile Include="$(SolutionDir)\3rdparty\niflib\src\obj\NiBlendTransformInterpolator.cpp">
      <Filter>Niflib</Filter>
    </ClCompile>
    <ClCompile Include="$(SolutionDir)\3rdparty\niflib\src\obj\NiBone.cpp">
      <Filter>Niflib</Filter>
    </ClCompile>
    <ClCompile Include="$(SolutionDir)\3rdparty\niflib\src\obj\NiBoneLODController.cpp">
      <Filter>Niflib</Filter>
    </ClCompile>
    <ClCompile Include="$(SolutionDir)\3rdparty\niflib\src\obj\NiBoolData.cpp">
      <Filter>Niflib</Filter>
    </ClCompile>
    <ClCompile Include="$(SolutionDir)\3rdparty\niflib\src\obj\NiBooleanExtraData.cpp">
      <Filter>Niflib</Filter>
    </ClCompile>
    <ClCompile Include="$(SolutionDir)\3rdparty\niflib\src\obj\NiBoolInterpController.cpp">
      <Filter>Niflib</Filter>
    </ClCompile>
    <ClCompile Include="$(SolutionDir)\3rdparty\niflib\src\obj\NiBoolInterpolator.cpp">
      <Filter>Niflib</Filter>
    </ClCompile>
    <ClCompile Include="$(SolutionDir)\3rdparty\niflib\src\obj\NiBoolTimelineInterpolator.cpp">
      <Filter>Niflib</Filter>
    </ClCompile>
    <ClCompile Include="$(SolutionDir)\3rdparty\niflib\src\obj\NiBSAnimationNode.cpp">
      <Filter>Niflib</Filter>
    </ClCompile>
    <ClCompile Include="$(SolutionDir)\3rdparty\niflib\src\obj\NiBSBoneLODController.cpp">
      <Filter>Niflib</Filter>
    </ClCompile>
    <ClCompile Include="$(SolutionDir)\3rdparty\niflib\src\obj\NiBSPArrayController.cpp">
      <Filter>Niflib</Filter>
    </ClCompile>
    <ClCompile Include="$(SolutionDir)\3rdparty\niflib\src\obj\NiBSParticleNode.cpp">
      <Filter>Niflib</Filter>
    </ClCompile>
    <ClCompile Include="$(SolutionDir)\3rdparty\niflib\src\obj\NiBSplineBasisData.cpp">
      <Filter>Niflib</Filter>
    </ClCompile>
    <ClCompile Include="$(SolutionDir)\3rdparty\niflib\src\obj\NiBSplineCompFloatInterpolator.cpp">
      <Filter>Niflib</Filter>
    </ClCompile>
    <ClCompile Include="$(SolutionDir)\3rdparty\niflib\src\obj\NiBSplineCompPoint3Interpolator.cpp">
      <Filter>Niflib</Filter>
    </ClCompile>
    <ClCompile Include="$(SolutionDir)\3rdparty\niflib\src\obj\NiBSplineCompTransformEvaluator.cpp">
      <Filter>Niflib</Filter>
    </ClCompile>
    <ClCompile Include="$(SolutionDir)\3rdparty\niflib\src\obj\NiBSplineCompTransformInterpolator.cpp">
      <Filter>Niflib</Filter>
    </ClCompile>
    <ClCompile Include="$(SolutionDir)\3rdparty\niflib\src\obj\NiBSplineData.cpp">
      <Filter>Niflib</Filter>
    </ClCompile>
    <ClCompile Include="$(SolutionDir)\3rdparty\niflib\src\obj\NiBSplineFloatInterpolator.cpp">
      <Filter>Niflib</Filter>
    </ClCompile>
    <ClCompile Include="$(SolutionDir)\3rdparty\niflib\src\obj\NiBSplineInterpolator.cpp">
      <Filter>Niflib</Filter>
    </ClCompile>
    <ClCompile Include="$(SolutionDir)\3rdparty\niflib\src\obj\NiBSplinePoint3Interpolator.cpp">
      <Filter>Niflib</Filter>
    </ClCompile>
    <ClCompile Include="$(SolutionDir)\3rdparty\niflib\src\obj\NiBSplineTransformInterpolator.cpp">
      <Filter>Niflib</Filter>
    </ClCompile>
    <ClCompile Include="$(SolutionDir)\3rdparty\niflib\src\obj\NiCamera.cpp">
      <Filter>Niflib</Filter>
    </ClCompile>
    <ClCompile Include="$(SolutionDir)\3rdparty\niflib\src\obj\NiClod.cpp">
      <Filter>Niflib</Filter>
    </ClCompile>
    <ClCompile Include="$(SolutionDir)\3rdparty\niflib\src\obj\NiClodData.cpp">
      <Filter>Niflib</Filter>
    </ClCompile>
    <ClCompile Include="$(SolutionDir)\3rdparty\niflib\src\obj\NiClodSkinInstance.cpp">
      <Filter>Niflib</Filter>
    </ClCompile>
    <ClCompile Include="$(SolutionDir)\3rdparty\niflib\src\obj\NiCollisionData.cpp">
      <Filter>Niflib</Filter>
    </ClCompile>
    <ClCompile Include="$(SolutionDir)\3rdparty\niflib\src\obj\NiCollisionObject.cpp">
      <Filter>Niflib</Filter>
    </ClCompile>
    <ClCompile Include="$(SolutionDir)\3rdparty\niflib\src\obj\NiColorData.cpp">
      <Filter>Niflib</Filter>
    </ClCompile>
    <ClCompile Include="$(SolutionDir)\3rdparty\niflib\src\obj\NiColorExtraData.cpp">
      <Filter>Niflib</Filter>
    </ClCompile>
    <ClCompile Include="$(SolutionDir)\3rdparty\niflib\src\obj\NiControllerManager.cpp">
      <Filter>Niflib</Filter>
    </ClCompile>
    <ClCompile Include="$(SolutionDir)\3rdparty\niflib\src\obj\NiControllerSequence.cpp">
      <Filter>Niflib</Filter>
    </ClCompile>
    <ClCompile Include="$(SolutionDir)\3rdparty\niflib\src\obj\NiDataStream.cpp">
      <Filter>Niflib</Filter>
    </ClCompile>
    <ClCompile Include="$(SolutionDir)\3rdparty\niflib\src\obj\NiDefaultAVObjectPalette.cpp">
      <Filter>Niflib</Filter>
    </ClCompile>
    <ClCompile Include="$(SolutionDir)\3rdparty\niflib\src\obj\NiDirectionalLight.cpp">
      <Filter>Niflib</Filter>
    </ClCompile>
    <ClCompile Include="$(SolutionDir)\3rdparty\niflib\src\obj\NiDitherProperty.cpp">
      <Filter>Niflib</Filter>
    </ClCompile>
    <ClCompile Include="$(SolutionDir)\3rdparty\niflib\src\obj\NiDynamicEffect.cpp">
      <Filter>Niflib</Filter>
    </ClCompile>
    <ClCompile Include="$(SolutionDir)\3rdparty\niflib\src\obj\NiEnvMappedTriShape.cpp">
      <Filter>Niflib</Filter>
    </ClCompile>
    <ClCompile Include="$(SolutionDir)\3rdparty\niflib\src\obj\NiEnvMappedTriShapeData.cpp">
      <Filter>Niflib</Filter>
    </ClCompile>
    <ClCompile Include="$(SolutionDir)\3rdparty\niflib\src\obj\NiExtraData.cpp">
      <Filter>Niflib</Filter>
    </ClCompile>
    <ClCompile Include="$(SolutionDir)\3rdparty\niflib\src\obj\NiExtraDataController.cpp">
      <Filter>Niflib</Filter>
    </ClCompile>
    <ClCompile Include="$(SolutionDir)\3rdparty\niflib\NvTriStrip\NvTriStripObjects.cpp">
      <Filter>Niflib</Filter>
    </ClCompile>
    <ClCompile Include="$(SolutionDir)\3rdparty\niflib\src\obj\NiFlipController.cpp">
      <Filter>Niflib</Filter>
    </ClCompile>
    <ClCompile Include="$(SolutionDir)\3rdparty\niflib\src\obj\NiFloatData.cpp">
      <Filter>Niflib</Filter>
    </ClCompile>
    <ClCompile Include="$(SolutionDir)\3rdparty\niflib\src\obj\NiFloatExtraData.cpp">
      <Filter>Niflib</Filter>
    </ClCompile>
    <ClCompile Include="$(SolutionDir)\3rdparty\niflib\src\obj\NiFloatExtraDataController.cpp">
      <Filter>Niflib</Filter>
    </ClCompile>
    <ClCompile Include="$(SolutionDir)\3rdparty\niflib\src\obj\NiFloatInterpController.cpp">
      <Filter>Niflib</Filter>
    </ClCompile>
    <ClCompile Include="$(SolutionDir)\3rdparty\niflib\src\obj\NiFloatInterpolator.cpp">
      <Filter>Niflib</Filter>
    </ClCompile>
    <ClCompile Include="$(SolutionDir)\3rdparty\niflib\src\obj\NiFloatsExtraData.cpp">
      <Filter>Niflib</Filter>
    </ClCompile>
    <ClCompile Include="$(SolutionDir)\3rdparty\niflib\src\obj\NiFogProperty.cpp">
      <Filter>Niflib</Filter>
    </ClCompile>
    <ClCompile Include="$(SolutionDir)\3rdparty\niflib\src\obj\NiFurSpringController.cpp">
      <Filter>Niflib</Filter>
    </ClCompile>
    <ClCompile Include="$(SolutionDir)\3rdparty\niflib\src\obj\NiGeometry.cpp">
      <Filter>Niflib</Filter>
    </ClCompile>
    <ClCompile Include="$(SolutionDir)\3rdparty\niflib\src\obj\NiGeometryData.cpp">
      <Filter>Niflib</Filter>
    </ClCompile>
    <ClCompile Include="$(SolutionDir)\3rdparty\niflib\src\obj\NiGeomMorpherController.cpp">
      <Filter>Niflib</Filter>
    </ClCompile>
    <ClCompile Include="$(SolutionDir)\3rdparty\niflib\src\obj\NiGravity.cpp">
      <Filter>Niflib</Filter>
    </ClCompile>
    <ClCompile Include="$(SolutionDir)\3rdparty\niflib\src\obj\NiImage.cpp">
      <Filter>Niflib</Filter>
    </ClCompile>
    <ClCompile Include="$(SolutionDir)\3rdparty\niflib\src\obj\NiInstancingMeshModifier.cpp">
      <Filter>Niflib</Filter>
    </ClCompile>
    <ClCompile Include="$(SolutionDir)\3rdparty\niflib\src\obj\NiIntegerExtraData.cpp">
      <Filter>Niflib</Filter>
    </ClCompile>
    <ClCompile Include="$(SolutionDir)\3rdparty\niflib\src\obj\NiIntegersExtraData.cpp">
      <Filter>Niflib</Filter>
    </ClCompile>
    <ClCompile Include="$(SolutionDir)\3rdparty\niflib\src\obj\NiInterpController.cpp">
      <Filter>Niflib</Filter>
    </ClCompile>
    <ClCompile Include="$(SolutionDir)\3rdparty\niflib\src\obj\NiInterpolator.cpp">
      <Filter>Niflib</Filter>
    </ClCompile>
    <ClCompile Include="$(SolutionDir)\3rdparty\niflib\src\obj\NiKeyBasedInterpolator.cpp">
      <Filter>Niflib</Filter>
    </ClCompile>
    <ClCompile Include="$(SolutionDir)\3rdparty\niflib\src\obj\NiKeyframeController.cpp">
      <Filter>Niflib</Filter>
    </ClCompile>
    <ClCompile Include="$(SolutionDir)\3rdparty\niflib\src\obj\NiKeyframeData.cpp">
      <Filter>Niflib</Filter>
    </ClCompile>
    <ClCompile Include="$(SolutionDir)\3rdparty\niflib\src\obj\NiLight.cpp">
      <Filter>Niflib</Filter>
    </ClCompile>
    <ClCompile Include="$(SolutionDir)\3rdparty\niflib\src\obj\NiLightColorController.cpp">
      <Filter>Niflib</Filter>
    </ClCompile>
    <ClCompile Include="$(SolutionDir)\3rdparty\niflib\src\obj\NiLightDimmerController.cpp">
      <Filter>Niflib</Filter>
    </ClCompile>
    <ClCompile Include="$(SolutionDir)\3rdparty\niflib\src\obj\NiLightIntensityController.cpp">
      <Filter>Niflib</Filter>
    </ClCompile>
    <ClCompile Include="$(SolutionDir)\3rdparty\niflib\src\obj\NiLines.cpp">
      <Filter>Niflib</Filter>
    </ClCompile>
    <ClCompile Include="$(SolutionDir)\3rdparty\niflib\src\obj\NiLinesData.cpp">
      <Filter>Niflib</Filter>
    </ClCompile>
    <ClCompile Include="$(SolutionDir)\3rdparty\niflib\src\obj\NiLODData.cpp">
      <Filter>Niflib</Filter>
    </ClCompile>
    <ClCompile Include="$(SolutionDir)\3rdparty\niflib\src\obj\NiLODNode.cpp">
      <Filter>Niflib</Filter>
    </ClCompile>
    <ClCompile Include="$(SolutionDir)\3rdparty\niflib\src\obj\NiLookAtController.cpp">
      <Filter>Niflib</Filter>
    </ClCompile>
    <ClCompile Include="$(SolutionDir)\3rdparty\niflib\src\obj\NiLookAtInterpolator.cpp">
      <Filter>Niflib</Filter>
    </ClCompile>
    <ClCompile Include="$(SolutionDir)\3rdparty\niflib\src\obj\NiMaterialColorController.cpp">
      <Filter>Niflib</Filter>
    </ClCompile>
    <ClCompile Include="$(SolutionDir)\3rdparty\niflib\src\obj\NiMaterialProperty.cpp">
      <Filter>Niflib</Filter>
    </ClCompile>
    <ClCompile Include="$(SolutionDir)\3rdparty\niflib\src\obj\NiMesh.cpp">
      <Filter>Niflib</Filter>
    </ClCompile>
    <ClCompile Include="$(SolutionDir)\3rdparty\niflib\src\obj\NiMeshHWInstance.cpp">
      <Filter>Niflib</Filter>
    </ClCompile>
    <ClCompile Include="$(SolutionDir)\3rdparty\niflib\src\obj\NiMeshModifier.cpp">
      <Filter>Niflib</Filter>
    </ClCompile>
    <ClCompile Include="$(SolutionDir)\3rdparty\niflib\src\obj\NiMeshParticleSystem.cpp">
      <Filter>Niflib</Filter>
    </ClCompile>
    <ClCompile Include="$(SolutionDir)\3rdparty\niflib\src\obj\NiMeshPSysData.cpp">
      <Filter>Niflib</Filter>
    </ClCompile>
    <ClCompile Include="$(SolutionDir)\3rdparty\niflib\src\obj\NiMorphController.cpp">
      <Filter>Niflib</Filter>
    </ClCompile>
    <ClCompile Include="$(SolutionDir)\3rdparty\niflib\src\obj\NiMorphData.cpp">
      <Filter>Niflib</Filter>
    </ClCompile>
    <ClCompile Include="$(SolutionDir)\3rdparty\niflib\src\obj\NiMorpherController.cpp">
      <Filter>Niflib</Filter>
    </ClCompile>
    <ClCompile Include="$(SolutionDir)\3rdparty\niflib\src\obj\NiMorphMeshModifier.cpp">
      <Filter>Niflib</Filter>
    </ClCompile>
    <ClCompile Include="$(SolutionDir)\3rdparty\niflib\src\obj\NiMorphWeightsController.cpp">
      <Filter>Niflib</Filter>
    </ClCompile>
    <ClCompile Include="$(SolutionDir)\3rdparty\niflib\src\obj\NiMultiTargetTransformController.cpp">
      <Filter>Niflib</Filter>
    </ClCompile>
    <ClCompile Include="$(SolutionDir)\3rdparty\niflib\src\obj\NiMultiTextureProperty.cpp">
      <Filter>Niflib</Filter>
    </ClCompile>
    <ClCompile Include="$(SolutionDir)\3rdparty\niflib\src\obj\NiNode.cpp">
      <Filter>Niflib</Filter>
    </ClCompile>
    <ClCompile Include="$(SolutionDir)\3rdparty\niflib\src\obj\NiObject.cpp">
      <Filter>Niflib</Filter>
    </ClCompile>
    <ClCompile Include="$(SolutionDir)\3rdparty\niflib\src\obj\NiObjectNET.cpp">
      <Filter>Niflib</Filter>
    </ClCompile>
    <ClCompile Include="$(SolutionDir)\3rdparty\niflib\src\obj\NiPalette.cpp">
      <Filter>Niflib</Filter>
    </ClCompile>
    <ClCompile Include="$(SolutionDir)\3rdparty\niflib\src\obj\NiParticleBomb.cpp">
      <Filter>Niflib</Filter>
    </ClCompile>
    <ClCompile Include="$(SolutionDir)\3rdparty\niflib\src\obj\NiParticleColorModifier.cpp">
      <Filter>Niflib</Filter>
    </ClCompile>
    <ClCompile Include="$(SolutionDir)\3rdparty\niflib\src\obj\NiParticleGrowFade.cpp">
      <Filter>Niflib</Filter>
    </ClCompile>
    <ClCompile Include="$(SolutionDir)\3rdparty\niflib\src\obj\NiParticleMeshes.cpp">
      <Filter>Niflib</Filter>
    </ClCompile>
    <ClCompile Include="$(SolutionDir)\3rdparty\niflib\src\obj\NiParticleMeshesData.cpp">
      <Filter>Niflib</Filter>
    </ClCompile>
    <ClCompile Include="$(SolutionDir)\3rdparty\niflib\src\obj\NiParticleMeshModifier.cpp">
      <Filter>Niflib</Filter>
    </ClCompile>
    <ClCompile Include="$(SolutionDir)\3rdparty\niflib\src\obj\NiParticleModifier.cpp">
      <Filter>Niflib</Filter>
    </ClCompile>
    <ClCompile Include="$(SolutionDir)\3rdparty\niflib\src\obj\NiParticleRotation.cpp">
      <Filter>Niflib</Filter>
    </ClCompile>
    <ClCompile Include="$(SolutionDir)\3rdparty\niflib\src\obj\NiParticles.cpp">
      <Filter>Niflib</Filter>
    </ClCompile>
    <ClCompile Include="$(SolutionDir)\3rdparty\niflib\src\obj\NiParticlesData.cpp">
      <Filter>Niflib</Filter>
    </ClCompile>
    <ClCompile Include="$(SolutionDir)\3rdparty\niflib\src\obj\NiParticleSystem.cpp">
      <Filter>Niflib</Filter>
    </ClCompile>
    <ClCompile Include="$(SolutionDir)\3rdparty\niflib\src\obj\NiParticleSystemController.cpp">
      <Filter>Niflib</Filter>
    </ClCompile>
    <ClCompile Include="$(SolutionDir)\3rdparty\niflib\src\obj\NiPathController.cpp">
      <Filter>Niflib</Filter>
    </ClCompile>
    <ClCompile Include="$(SolutionDir)\3rdparty\niflib\src\obj\NiPathInterpolator.cpp">
      <Filter>Niflib</Filter>
    </ClCompile>
    <ClCompile Include="$(SolutionDir)\3rdparty\niflib\src\obj\NiPersistentSrcTextureRendererData.cpp">
      <Filter>Niflib</Filter>
    </ClCompile>
    <ClCompile Include="$(SolutionDir)\3rdparty\niflib\src\obj\NiPhysXActorDesc.cpp">
      <Filter>Niflib</Filter>
    </ClCompile>
    <ClCompile Include="$(SolutionDir)\3rdparty\niflib\src\obj\NiPhysXBodyDesc.cpp">
      <Filter>Niflib</Filter>
    </ClCompile>
    <ClCompile Include="$(SolutionDir)\3rdparty\niflib\src\obj\NiPhysXD6JointDesc.cpp">
      <Filter>Niflib</Filter>
    </ClCompile>
    <ClCompile Include="$(SolutionDir)\3rdparty\niflib\src\obj\NiPhysXKinematicSrc.cpp">
      <Filter>Niflib</Filter>
    </ClCompile>
    <ClCompile Include="$(SolutionDir)\3rdparty\niflib\src\obj\NiPhysXMaterialDesc.cpp">
      <Filter>Niflib</Filter>
    </ClCompile>
    <ClCompile Include="$(SolutionDir)\3rdparty\niflib\src\obj\NiPhysXMeshDesc.cpp">
      <Filter>Niflib</Filter>
    </ClCompile>
    <ClCompile Include="$(SolutionDir)\3rdparty\niflib\src\obj\NiPhysXProp.cpp">
      <Filter>Niflib</Filter>
    </ClCompile>
    <ClCompile Include="$(SolutionDir)\3rdparty\niflib\src\obj\NiPhysXPropDesc.cpp">
      <Filter>Niflib</Filter>
    </ClCompile>
    <ClCompile Include="$(SolutionDir)\3rdparty\niflib\src\obj\NiPhysXShapeDesc.cpp">
      <Filter>Niflib</Filter>
    </ClCompile>
    <ClCompile Include="$(SolutionDir)\3rdparty\niflib\src\obj\NiPhysXTransformDest.cpp">
      <Filter>Niflib</Filter>
    </ClCompile>
    <ClCompile Include="$(SolutionDir)\3rdparty\niflib\src\obj\NiPixelData.cpp">
      <Filter>Niflib</Filter>
    </ClCompile>
    <ClCompile Include="$(SolutionDir)\3rdparty\niflib\src\obj\NiPlanarCollider.cpp">
      <Filter>Niflib</Filter>
    </ClCompile>
    <ClCompile Include="$(SolutionDir)\3rdparty\niflib\src\obj\NiPoint3InterpController.cpp">
      <Filter>Niflib</Filter>
    </ClCompile>
    <ClCompile Include="$(SolutionDir)\3rdparty\niflib\src\obj\NiPoint3Interpolator.cpp">
      <Filter>Niflib</Filter>
    </ClCompile>
    <ClCompile Include="$(SolutionDir)\3rdparty\niflib\src\obj\NiPointLight.cpp">
      <Filter>Niflib</Filter>
    </ClCompile>
    <ClCompile Include="$(SolutionDir)\3rdparty\niflib\src\obj\NiPortal.cpp">
      <Filter>Niflib</Filter>
    </ClCompile>
    <ClCompile Include="$(SolutionDir)\3rdparty\niflib\src\obj\NiPosData.cpp">
      <Filter>Niflib</Filter>
    </ClCompile>
    <ClCompile Include="$(SolutionDir)\3rdparty\niflib\src\obj\NiProperty.cpp">
      <Filter>Niflib</Filter>
    </ClCompile>
    <ClCompile Include="$(SolutionDir)\3rdparty\niflib\src\obj\NiPSBombForce.cpp">
      <Filter>Niflib</Filter>
    </ClCompile>
    <ClCompile Include="$(SolutionDir)\3rdparty\niflib\src\obj\NiPSBoundUpdater.cpp">
      <Filter>Niflib</Filter>
    </ClCompile>
    <ClCompile Include="$(SolutionDir)\3rdparty\niflib\src\obj\NiPSBoxEmitter.cpp">
      <Filter>Niflib</Filter>
    </ClCompile>
    <ClCompile Include="$(SolutionDir)\3rdparty\niflib\src\obj\NiPSCylinderEmitter.cpp">
      <Filter>Niflib</Filter>
    </ClCompile>
    <ClCompile Include="$(SolutionDir)\3rdparty\niflib\src\obj\NiPSDragForce.cpp">
      <Filter>Niflib</Filter>
    </ClCompile>
    <ClCompile Include="$(SolutionDir)\3rdparty\niflib\src\obj\NiPSEmitParticlesCtlr.cpp">
      <Filter>Niflib</Filter>
    </ClCompile>
    <ClCompile Include="$(SolutionDir)\3rdparty\niflib\src\obj\NiPSEmitterDeclinationCtlr.cpp">
      <Filter>Niflib</Filter>
    </ClCompile>
    <ClCompile Include="$(SolutionDir)\3rdparty\niflib\src\obj\NiPSEmitterDeclinationVarCtlr.cpp">
      <Filter>Niflib</Filter>
    </ClCompile>
    <ClCompile Include="$(SolutionDir)\3rdparty\niflib\src\obj\NiPSEmitterLifeSpanCtlr.cpp">
      <Filter>Niflib</Filter>
    </ClCompile>
    <ClCompile Include="$(SolutionDir)\3rdparty\niflib\src\obj\NiPSEmitterPlanarAngleCtlr.cpp">
      <Filter>Niflib</Filter>
    </ClCompile>
    <ClCompile Include="$(SolutionDir)\3rdparty\niflib\src\obj\NiPSEmitterPlanarAngleVarCtlr.cpp">
      <Filter>Niflib</Filter>
    </ClCompile>
    <ClCompile Include="$(SolutionDir)\3rdparty\niflib\src\obj\NiPSEmitterRadiusCtlr.cpp">
      <Filter>Niflib</Filter>
    </ClCompile>
    <ClCompile Include="$(SolutionDir)\3rdparty\niflib\src\obj\NiPSEmitterRotAngleCtlr.cpp">
      <Filter>Niflib</Filter>
    </ClCompile>
    <ClCompile Include="$(SolutionDir)\3rdparty\niflib\src\obj\NiPSEmitterRotAngleVarCtlr.cpp">
      <Filter>Niflib</Filter>
    </ClCompile>
    <ClCompile Include="$(SolutionDir)\3rdparty\niflib\src\obj\NiPSEmitterRotSpeedCtlr.cpp">
      <Filter>Niflib</Filter>
    </ClCompile>
    <ClCompile Include="$(SolutionDir)\3rdparty\niflib\src\obj\NiPSEmitterRotSpeedVarCtlr.cpp">
      <Filter>Niflib</Filter>
    </ClCompile>
    <ClCompile Include="$(SolutionDir)\3rdparty\niflib\src\obj\NiPSEmitterSpeedCtlr.cpp">
      <Filter>Niflib</Filter>
    </ClCompile>
    <ClCompile Include="$(SolutionDir)\3rdparty\niflib\src\obj\NiPSFacingQuadGenerator.cpp">
      <Filter>Niflib</Filter>
    </ClCompile>
    <ClCompile Include="$(SolutionDir)\3rdparty\niflib\src\obj\NiPSForceActiveCtlr.cpp">
      <Filter>Niflib</Filter>
    </ClCompile>
    <ClCompile Include="$(SolutionDir)\3rdparty\niflib\src\obj\NiPSGravityForce.cpp">
      <Filter>Niflib</Filter>
    </ClCompile>
    <ClCompile Include="$(SolutionDir)\3rdparty\niflib\src\obj\NiPSGravityStrengthCtlr.cpp">
      <Filter>Niflib</Filter>
    </ClCompile>
    <ClCompile Include="$(SolutionDir)\3rdparty\niflib\src\obj\NiPSMeshEmitter.cpp">
      <Filter>Niflib</Filter>
    </ClCompile>
    <ClCompile Include="$(SolutionDir)\3rdparty\niflib\src\obj\NiPSMeshParticleSystem.cpp">
      <Filter>Niflib</Filter>
    </ClCompile>
    <ClCompile Include="$(SolutionDir)\3rdparty\niflib\src\obj\NiPSParticleSystem.cpp">
      <Filter>Niflib</Filter>
    </ClCompile>
    <ClCompile Include="$(SolutionDir)\3rdparty\niflib\src\obj\NiPSPlanarCollider.cpp">
      <Filter>Niflib</Filter>
    </ClCompile>
    <ClCompile Include="$(SolutionDir)\3rdparty\niflib\src\obj\NiPSResetOnLoopCtlr.cpp">
      <Filter>Niflib</Filter>
    </ClCompile>
    <ClCompile Include="$(SolutionDir)\3rdparty\niflib\src\obj\NiPSSimulator.cpp">
      <Filter>Niflib</Filter>
    </ClCompile>
    <ClCompile Include="$(SolutionDir)\3rdparty\niflib\src\obj\NiPSSimulatorCollidersStep.cpp">
      <Filter>Niflib</Filter>
    </ClCompile>
    <ClCompile Include="$(SolutionDir)\3rdparty\niflib\src\obj\NiPSSimulatorFinalStep.cpp">
      <Filter>Niflib</Filter>
    </ClCompile>
    <ClCompile Include="$(SolutionDir)\3rdparty\niflib\src\obj\NiPSSimulatorForcesStep.cpp">
      <Filter>Niflib</Filter>
    </ClCompile>
    <ClCompile Include="$(SolutionDir)\3rdparty\niflib\src\obj\NiPSSimulatorGeneralStep.cpp">
      <Filter>Niflib</Filter>
    </ClCompile>
    <ClCompile Include="$(SolutionDir)\3rdparty\niflib\src\obj\NiPSSimulatorMeshAlignStep.cpp">
      <Filter>Niflib</Filter>
    </ClCompile>
    <ClCompile Include="$(SolutionDir)\3rdparty\niflib\src\obj\NiPSSimulatorStep.cpp">
      <Filter>Niflib</Filter>
    </ClCompile>
    <ClCompile Include="$(SolutionDir)\3rdparty\niflib\src\obj\NiPSSpawner.cpp">
      <Filter>Niflib</Filter>
    </ClCompile>
    <ClCompile Include="$(SolutionDir)\3rdparty\niflib\src\obj\NiPSSphereEmitter.cpp">
      <Filter>Niflib</Filter>
    </ClCompile>
    <ClCompile Include="$(SolutionDir)\3rdparty\niflib\src\obj\NiPSSphericalCollider.cpp">
      <Filter>Niflib</Filter>
    </ClCompile>
    <ClCompile Include="$(SolutionDir)\3rdparty\niflib\src\obj\NiPSysAgeDeathModifier.cpp">
      <Filter>Niflib</Filter>
    </ClCompile>
    <ClCompile Include="$(SolutionDir)\3rdparty\niflib\src\obj\NiPSysAirFieldAirFrictionCtlr.cpp">
      <Filter>Niflib</Filter>
    </ClCompile>
    <ClCompile Include="$(SolutionDir)\3rdparty\niflib\src\obj\NiPSysAirFieldInheritVelocityCtlr.cpp">
      <Filter>Niflib</Filter>
    </ClCompile>
    <ClCompile Include="$(SolutionDir)\3rdparty\niflib\src\obj\NiPSysAirFieldModifier.cpp">
      <Filter>Niflib</Filter>
    </ClCompile>
    <ClCompile Include="$(SolutionDir)\3rdparty\niflib\src\obj\NiPSysAirFieldSpreadCtlr.cpp">
      <Filter>Niflib</Filter>
    </ClCompile>
    <ClCompile Include="$(SolutionDir)\3rdparty\niflib\src\obj\NiPSysBombModifier.cpp">
      <Filter>Niflib</Filter>
    </ClCompile>
    <ClCompile Include="$(SolutionDir)\3rdparty\niflib\src\obj\NiPSysBoundUpdateModifier.cpp">
      <Filter>Niflib</Filter>
    </ClCompile>
    <ClCompile Include="$(SolutionDir)\3rdparty\niflib\src\obj\NiPSysBoxEmitter.cpp">
      <Filter>Niflib</Filter>
    </ClCompile>
    <ClCompile Include="$(SolutionDir)\3rdparty\niflib\src\obj\NiPSysCollider.cpp">
      <Filter>Niflib</Filter>
    </ClCompile>
    <ClCompile Include="$(SolutionDir)\3rdparty\niflib\src\obj\NiPSysColliderManager.cpp">
      <Filter>Niflib</Filter>
    </ClCompile>
    <ClCompile Include="$(SolutionDir)\3rdparty\niflib\src\obj\NiPSysColorModifier.cpp">
      <Filter>Niflib</Filter>
    </ClCompile>
    <ClCompile Include="$(SolutionDir)\3rdparty\niflib\src\obj\NiPSysCylinderEmitter.cpp">
      <Filter>Niflib</Filter>
    </ClCompile>
    <ClCompile Include="$(SolutionDir)\3rdparty\niflib\src\obj\NiPSysData.cpp">
      <Filter>Niflib</Filter>
    </ClCompile>
    <ClCompile Include="$(SolutionDir)\3rdparty\niflib\src\obj\NiPSysDragFieldModifier.cpp">
      <Filter>Niflib</Filter>
    </ClCompile>
    <ClCompile Include="$(SolutionDir)\3rdparty\niflib\src\obj\NiPSysDragModifier.cpp">
      <Filter>Niflib</Filter>
    </ClCompile>
    <ClCompile Include="$(SolutionDir)\3rdparty\niflib\src\obj\NiPSysEmitter.cpp">
      <Filter>Niflib</Filter>
    </ClCompile>
    <ClCompile Include="$(SolutionDir)\3rdparty\niflib\src\obj\NiPSysEmitterCtlr.cpp">
      <Filter>Niflib</Filter>
    </ClCompile>
    <ClCompile Include="$(SolutionDir)\3rdparty\niflib\src\obj\NiPSysEmitterCtlrData.cpp">
      <Filter>Niflib</Filter>
    </ClCompile>
    <ClCompile Include="$(SolutionDir)\3rdparty\niflib\src\obj\NiPSysEmitterDeclinationCtlr.cpp">
      <Filter>Niflib</Filter>
    </ClCompile>
    <ClCompile Include="$(SolutionDir)\3rdparty\niflib\src\obj\NiPSysEmitterDeclinationVarCtlr.cpp">
      <Filter>Niflib</Filter>
    </ClCompile>
    <ClCompile Include="$(SolutionDir)\3rdparty\niflib\src\obj\NiPSysEmitterInitialRadiusCtlr.cpp">
      <Filter>Niflib</Filter>
    </ClCompile>
    <ClCompile Include="$(SolutionDir)\3rdparty\niflib\src\obj\NiPSysEmitterLifeSpanCtlr.cpp">
      <Filter>Niflib</Filter>
    </ClCompile>
    <ClCompile Include="$(SolutionDir)\3rdparty\niflib\src\obj\NiPSysEmitterPlanarAngleCtlr.cpp">
      <Filter>Niflib</Filter>
    </ClCompile>
    <ClCompile Include="$(SolutionDir)\3rdparty\niflib\src\obj\NiPSysEmitterPlanarAngleVarCtlr.cpp">
      <Filter>Niflib</Filter>
    </ClCompile>
    <ClCompile Include="$(SolutionDir)\3rdparty\niflib\src\obj\NiPSysEmitterSpeedCtlr.cpp">
      <Filter>Niflib</Filter>
    </ClCompile>
    <ClCompile Include="$(SolutionDir)\3rdparty\niflib\src\obj\NiPSysFieldAttenuationCtlr.cpp">
      <Filter>Niflib</Filter>
    </ClCompile>
    <ClCompile Include="$(SolutionDir)\3rdparty\niflib\src\obj\NiPSysFieldMagnitudeCtlr.cpp">
      <Filter>Niflib</Filter>
    </ClCompile>
    <ClCompile Include="$(SolutionDir)\3rdparty\niflib\src\obj\NiPSysFieldMaxDistanceCtlr.cpp">
      <Filter>Niflib</Filter>
    </ClCompile>
    <ClCompile Include="$(SolutionDir)\3rdparty\niflib\src\obj\NiPSysFieldModifier.cpp">
      <Filter>Niflib</Filter>
    </ClCompile>
    <ClCompile Include="$(SolutionDir)\3rdparty\niflib\src\obj\NiPSysGravityFieldModifier.cpp">
      <Filter>Niflib</Filter>
    </ClCompile>
    <ClCompile Include="$(SolutionDir)\3rdparty\niflib\src\obj\NiPSysGravityModifier.cpp">
      <Filter>Niflib</Filter>
    </ClCompile>
    <ClCompile Include="$(SolutionDir)\3rdparty\niflib\src\obj\NiPSysGravityStrengthCtlr.cpp">
      <Filter>Niflib</Filter>
    </ClCompile>
    <ClCompile Include="$(SolutionDir)\3rdparty\niflib\src\obj\NiPSysGrowFadeModifier.cpp">
      <Filter>Niflib</Filter>
    </ClCompile>
    <ClCompile Include="$(SolutionDir)\3rdparty\niflib\src\obj\NiPSysInitialRotAngleCtlr.cpp">
      <Filter>Niflib</Filter>
    </ClCompile>
    <ClCompile Include="$(SolutionDir)\3rdparty\niflib\src\obj\NiPSysInitialRotAngleVarCtlr.cpp">
      <Filter>Niflib</Filter>
    </ClCompile>
    <ClCompile Include="$(SolutionDir)\3rdparty\niflib\src\obj\NiPSysInitialRotSpeedCtlr.cpp">
      <Filter>Niflib</Filter>
    </ClCompile>
    <ClCompile Include="$(SolutionDir)\3rdparty\niflib\src\obj\NiPSysInitialRotSpeedVarCtlr.cpp">
      <Filter>Niflib</Filter>
    </ClCompile>
    <ClCompile Include="$(SolutionDir)\3rdparty\niflib\src\obj\NiPSysMeshEmitter.cpp">
      <Filter>Niflib</Filter>
    </ClCompile>
    <ClCompile Include="$(SolutionDir)\3rdparty\niflib\src\obj\NiPSysMeshUpdateModifier.cpp">
      <Filter>Niflib</Filter>
    </ClCompile>
    <ClCompile Include="$(SolutionDir)\3rdparty\niflib\src\obj\NiPSysModifier.cpp">
      <Filter>Niflib</Filter>
    </ClCompile>
    <ClCompile Include="$(SolutionDir)\3rdparty\niflib\src\obj\NiPSysModifierActiveCtlr.cpp">
      <Filter>Niflib</Filter>
    </ClCompile>
    <ClCompile Include="$(SolutionDir)\3rdparty\niflib\src\obj\NiPSysModifierBoolCtlr.cpp">
      <Filter>Niflib</Filter>
    </ClCompile>
    <ClCompile Include="$(SolutionDir)\3rdparty\niflib\src\obj\NiPSysModifierCtlr.cpp">
      <Filter>Niflib</Filter>
    </ClCompile>
    <ClCompile Include="$(SolutionDir)\3rdparty\niflib\src\obj\NiPSysModifierFloatCtlr.cpp">
      <Filter>Niflib</Filter>
    </ClCompile>
    <ClCompile Include="$(SolutionDir)\3rdparty\niflib\src\obj\NiPSysPlanarCollider.cpp">
      <Filter>Niflib</Filter>
    </ClCompile>
    <ClCompile Include="$(SolutionDir)\3rdparty\niflib\src\obj\NiPSysPositionModifier.cpp">
      <Filter>Niflib</Filter>
    </ClCompile>
    <ClCompile Include="$(SolutionDir)\3rdparty\niflib\src\obj\NiPSysRadialFieldModifier.cpp">
      <Filter>Niflib</Filter>
    </ClCompile>
    <ClCompile Include="$(SolutionDir)\3rdparty\niflib\src\obj\NiPSysResetOnLoopCtlr.cpp">
      <Filter>Niflib</Filter>
    </ClCompile>
    <ClCompile Include="$(SolutionDir)\3rdparty\niflib\src\obj\NiPSysRotationModifier.cpp">
      <Filter>Niflib</Filter>
    </ClCompile>
    <ClCompile Include="$(SolutionDir)\3rdparty\niflib\src\obj\NiPSysSpawnModifier.cpp">
      <Filter>Niflib</Filter>
    </ClCompile>
    <ClCompile Include="$(SolutionDir)\3rdparty\niflib\src\obj\NiPSysSphereEmitter.cpp">
      <Filter>Niflib</Filter>
    </ClCompile>
    <ClCompile Include="$(SolutionDir)\3rdparty\niflib\src\obj\NiPSysSphericalCollider.cpp">
      <Filter>Niflib</Filter>
    </ClCompile>
    <ClCompile Include="$(SolutionDir)\3rdparty\niflib\src\obj\NiPSysTrailEmitter.cpp">
      <Filter>Niflib</Filter>
    </ClCompile>
    <ClCompile Include="$(SolutionDir)\3rdparty\niflib\src\obj\NiPSysTurbulenceFieldModifier.cpp">
      <Filter>Niflib</Filter>
    </ClCompile>
    <ClCompile Include="$(SolutionDir)\3rdparty\niflib\src\obj\NiPSysUpdateCtlr.cpp">
      <Filter>Niflib</Filter>
    </ClCompile>
    <ClCompile Include="$(SolutionDir)\3rdparty\niflib\src\obj\NiPSysVolumeEmitter.cpp">
      <Filter>Niflib</Filter>
    </ClCompile>
    <ClCompile Include="$(SolutionDir)\3rdparty\niflib\src\obj\NiPSysVortexFieldModifier.cpp">
      <Filter>Niflib</Filter>
    </ClCompile>
    <ClCompile Include="$(SolutionDir)\3rdparty\niflib\src\obj\NiRangeLODData.cpp">
      <Filter>Niflib</Filter>
    </ClCompile>
    <ClCompile Include="$(SolutionDir)\3rdparty\niflib\src\obj\NiRawImageData.cpp">
      <Filter>Niflib</Filter>
    </ClCompile>
    <ClCompile Include="$(SolutionDir)\3rdparty\niflib\src\obj\NiRenderObject.cpp">
      <Filter>Niflib</Filter>
    </ClCompile>
    <ClCompile Include="$(SolutionDir)\3rdparty\niflib\src\obj\NiRollController.cpp">
      <Filter>Niflib</Filter>
    </ClCompile>
    <ClCompile Include="$(SolutionDir)\3rdparty\niflib\src\obj\NiRoom.cpp">
      <Filter>Niflib</Filter>
    </ClCompile>
    <ClCompile Include="$(SolutionDir)\3rdparty\niflib\src\obj\NiRoomGroup.cpp">
      <Filter>Niflib</Filter>
    </ClCompile>
    <ClCompile Include="$(SolutionDir)\3rdparty\niflib\src\obj\NiRotatingParticles.cpp">
      <Filter>Niflib</Filter>
    </ClCompile>
    <ClCompile Include="$(SolutionDir)\3rdparty\niflib\src\obj\NiRotatingParticlesData.cpp">
      <Filter>Niflib</Filter>
    </ClCompile>
    <ClCompile Include="$(SolutionDir)\3rdparty\niflib\src\obj\NiScreenElements.cpp">
      <Filter>Niflib</Filter>
    </ClCompile>
    <ClCompile Include="$(SolutionDir)\3rdparty\niflib\src\obj\NiScreenElementsData.cpp">
      <Filter>Niflib</Filter>
    </ClCompile>
    <ClCompile Include="$(SolutionDir)\3rdparty\niflib\src\obj\NiScreenLODData.cpp">
      <Filter>Niflib</Filter>
    </ClCompile>
    <ClCompile Include="$(SolutionDir)\3rdparty\niflib\src\obj\NiSequence.cpp">
      <Filter>Niflib</Filter>
    </ClCompile>
    <ClCompile Include="$(SolutionDir)\3rdparty\niflib\src\obj\NiSequenceData.cpp">
      <Filter>Niflib</Filter>
    </ClCompile>
    <ClCompile Include="$(SolutionDir)\3rdparty\niflib\src\obj\NiSequenceStreamHelper.cpp">
      <Filter>Niflib</Filter>
    </ClCompile>
    <ClCompile Include="$(SolutionDir)\3rdparty\niflib\src\obj\NiShadeProperty.cpp">
      <Filter>Niflib</Filter>
    </ClCompile>
    <ClCompile Include="$(SolutionDir)\3rdparty\niflib\src\obj\NiShadowGenerator.cpp">
      <Filter>Niflib</Filter>
    </ClCompile>
    <ClCompile Include="$(SolutionDir)\3rdparty\niflib\src\obj\NiSingleInterpController.cpp">
      <Filter>Niflib</Filter>
    </ClCompile>
    <ClCompile Include="$(SolutionDir)\3rdparty\niflib\src\obj\NiSkinData.cpp">
      <Filter>Niflib</Filter>
    </ClCompile>
    <ClCompile Include="$(SolutionDir)\3rdparty\niflib\src\obj\NiSkinInstance.cpp">
      <Filter>Niflib</Filter>
    </ClCompile>
    <ClCompile Include="$(SolutionDir)\3rdparty\niflib\src\obj\NiSkinningLODController.cpp">
      <Filter>Niflib</Filter>
    </ClCompile>
    <ClCompile Include="$(SolutionDir)\3rdparty\niflib\src\obj\NiSkinningMeshModifier.cpp">
      <Filter>Niflib</Filter>
    </ClCompile>
    <ClCompile Include="$(SolutionDir)\3rdparty\niflib\src\obj\NiSkinPartition.cpp">
      <Filter>Niflib</Filter>
    </ClCompile>
    <ClCompile Include="$(SolutionDir)\3rdparty\niflib\src\obj\NiSortAdjustNode.cpp">
      <Filter>Niflib</Filter>
    </ClCompile>
    <ClCompile Include="$(SolutionDir)\3rdparty\niflib\src\obj\NiSourceCubeMap.cpp">
      <Filter>Niflib</Filter>
    </ClCompile>
    <ClCompile Include="$(SolutionDir)\3rdparty\niflib\src\obj\NiSourceTexture.cpp">
      <Filter>Niflib</Filter>
    </ClCompile>
    <ClCompile Include="$(SolutionDir)\3rdparty\niflib\src\obj\NiSpecularProperty.cpp">
      <Filter>Niflib</Filter>
    </ClCompile>
    <ClCompile Include="$(SolutionDir)\3rdparty\niflib\src\obj\NiSphericalCollider.cpp">
      <Filter>Niflib</Filter>
    </ClCompile>
    <ClCompile Include="$(SolutionDir)\3rdparty\niflib\src\obj\NiSpotLight.cpp">
      <Filter>Niflib</Filter>
    </ClCompile>
    <ClCompile Include="$(SolutionDir)\3rdparty\niflib\src\obj\NiStencilProperty.cpp">
      <Filter>Niflib</Filter>
    </ClCompile>
    <ClCompile Include="$(SolutionDir)\3rdparty\niflib\src\obj\NiStringExtraData.cpp">
      <Filter>Niflib</Filter>
    </ClCompile>
    <ClCompile Include="$(SolutionDir)\3rdparty\niflib\src\obj\NiStringPalette.cpp">
      <Filter>Niflib</Filter>
    </ClCompile>
    <ClCompile Include="$(SolutionDir)\3rdparty\niflib\src\obj\NiStringsExtraData.cpp">
      <Filter>Niflib</Filter>
    </ClCompile>
    <ClCompile Include="$(SolutionDir)\3rdparty\niflib\src\obj\NiSwitchNode.cpp">
      <Filter>Niflib</Filter>
    </ClCompile>
    <ClCompile Include="$(SolutionDir)\3rdparty\niflib\src\obj\NiTextKeyExtraData.cpp">
      <Filter>Niflib</Filter>
    </ClCompile>
    <ClCompile Include="$(SolutionDir)\3rdparty\niflib\src\obj\NiTexture.cpp">
      <Filter>Niflib</Filter>
    </ClCompile>
    <ClCompile Include="$(SolutionDir)\3rdparty\niflib\src\obj\NiTextureEffect.cpp">
      <Filter>Niflib</Filter>
    </ClCompile>
    <ClCompile Include="$(SolutionDir)\3rdparty\niflib\src\obj\NiTextureModeProperty.cpp">
      <Filter>Niflib</Filter>
    </ClCompile>
    <ClCompile Include="$(SolutionDir)\3rdparty\niflib\src\obj\NiTextureProperty.cpp">
      <Filter>Niflib</Filter>
    </ClCompile>
    <ClCompile Include="$(SolutionDir)\3rdparty\niflib\src\obj\NiTextureTransformController.cpp">
      <Filter>Niflib</Filter>
    </ClCompile>
    <ClCompile Include="$(SolutionDir)\3rdparty\niflib\src\obj\NiTexturingProperty.cpp">
      <Filter>Niflib</Filter>
    </ClCompile>
    <ClCompile Include="$(SolutionDir)\3rdparty\niflib\src\obj\NiTimeController.cpp">
      <Filter>Niflib</Filter>
    </ClCompile>
    <ClCompile Include="$(SolutionDir)\3rdparty\niflib\src\obj\NiTransformController.cpp">
      <Filter>Niflib</Filter>
    </ClCompile>
    <ClCompile Include="$(SolutionDir)\3rdparty\niflib\src\obj\NiTransformData.cpp">
      <Filter>Niflib</Filter>
    </ClCompile>
    <ClCompile Include="$(SolutionDir)\3rdparty\niflib\src\obj\NiTransformEvaluator.cpp">
      <Filter>Niflib</Filter>
    </ClCompile>
    <ClCompile Include="$(SolutionDir)\3rdparty\niflib\src\obj\NiTransformInterpolator.cpp">
      <Filter>Niflib</Filter>
    </ClCompile>
    <ClCompile Include="$(SolutionDir)\3rdparty\niflib\src\obj\NiTransparentProperty.cpp">
      <Filter>Niflib</Filter>
    </ClCompile>
    <ClCompile Include="$(SolutionDir)\3rdparty\niflib\src\obj\NiTriBasedGeom.cpp">
      <Filter>Niflib</Filter>
    </ClCompile>
    <ClCompile Include="$(SolutionDir)\3rdparty\niflib\src\obj\NiTriBasedGeomData.cpp">
      <Filter>Niflib</Filter>
    </ClCompile>
    <ClCompile Include="$(SolutionDir)\3rdparty\niflib\src\obj\NiTriShape.cpp">
      <Filter>Niflib</Filter>
    </ClCompile>
    <ClCompile Include="$(SolutionDir)\3rdparty\niflib\src\obj\NiTriShapeData.cpp">
      <Filter>Niflib</Filter>
    </ClCompile>
    <ClCompile Include="$(SolutionDir)\3rdparty\niflib\src\obj\NiTriShapeSkinController.cpp">
      <Filter>Niflib</Filter>
    </ClCompile>
    <ClCompile Include="$(SolutionDir)\3rdparty\niflib\src\obj\NiTriStrips.cpp">
      <Filter>Niflib</Filter>
    </ClCompile>
    <ClCompile Include="$(SolutionDir)\3rdparty\niflib\src\obj\NiTriStripsData.cpp">
      <Filter>Niflib</Filter>
    </ClCompile>
    <ClCompile Include="$(SolutionDir)\3rdparty\niflib\src\obj\NiUVController.cpp">
      <Filter>Niflib</Filter>
    </ClCompile>
    <ClCompile Include="$(SolutionDir)\3rdparty\niflib\src\obj\NiUVData.cpp">
      <Filter>Niflib</Filter>
    </ClCompile>
    <ClCompile Include="$(SolutionDir)\3rdparty\niflib\src\obj\NiVectorExtraData.cpp">
      <Filter>Niflib</Filter>
    </ClCompile>
    <ClCompile Include="$(SolutionDir)\3rdparty\niflib\src\obj\NiVertexColorProperty.cpp">
      <Filter>Niflib</Filter>
    </ClCompile>
    <ClCompile Include="$(SolutionDir)\3rdparty\niflib\src\obj\NiVertWeightsExtraData.cpp">
      <Filter>Niflib</Filter>
    </ClCompile>
    <ClCompile Include="$(SolutionDir)\3rdparty\niflib\src\obj\NiVisController.cpp">
      <Filter>Niflib</Filter>
    </ClCompile>
    <ClCompile Include="$(SolutionDir)\3rdparty\niflib\src\obj\NiVisData.cpp">
      <Filter>Niflib</Filter>
    </ClCompile>
    <ClCompile Include="$(SolutionDir)\3rdparty\niflib\src\obj\NiWireframeProperty.cpp">
      <Filter>Niflib</Filter>
    </ClCompile>
    <ClCompile Include="$(SolutionDir)\3rdparty\niflib\src\obj\NiZBufferProperty.cpp">
      <Filter>Niflib</Filter>
    </ClCompile>
    <ClCompile Include="$(SolutionDir)\3rdparty\niflib\src\gen\NodeGroup.cpp">
      <Filter>Niflib</Filter>
    </ClCompile>
    <ClCompile Include="$(SolutionDir)\3rdparty\niflib\NvTriStrip\NvTriStrip.cpp">
      <Filter>Niflib</Filter>
    </ClCompile>
    <ClCompile Include="$(SolutionDir)\3rdparty\niflib\src\niflib.cpp">
      <Filter>Niflib</Filter>
    </ClCompile>
    <ClCompile Include="$(SolutionDir)\3rdparty\niflib\src\gen\MeshData.cpp">
      <Filter>Niflib</Filter>
    </ClCompile>
    <ClCompile Include="$(SolutionDir)\3rdparty\niflib\src\gen\MipMap.cpp">
      <Filter>Niflib</Filter>
    </ClCompile>
    <ClCompile Include="$(SolutionDir)\3rdparty\niflib\src\gen\Morph.cpp">
      <Filter>Niflib</Filter>
    </ClCompile>
    <ClCompile Include="$(SolutionDir)\3rdparty\niflib\src\gen\MorphWeight.cpp">
      <Filter>Niflib</Filter>
    </ClCompile>
    <ClCompile Include="$(SolutionDir)\3rdparty\niflib\src\gen\MotorDescriptor.cpp">
      <Filter>Niflib</Filter>
    </ClCompile>
    <ClCompile Include="$(SolutionDir)\3rdparty\niflib\src\gen\MTransform.cpp">
      <Filter>Niflib</Filter>
    </ClCompile>
    <ClCompile Include="$(SolutionDir)\3rdparty\niflib\src\gen\MultiTextureElement.cpp">
      <Filter>Niflib</Filter>
    </ClCompile>
    <ClCompile Include="$(SolutionDir)\3rdparty\niflib\src\gen\MatchGroup.cpp">
      <Filter>Niflib</Filter>
    </ClCompile>
    <ClCompile Include="$(SolutionDir)\3rdparty\niflib\src\gen\ByteArray.cpp">
      <Filter>Niflib</Filter>
    </ClCompile>
    <ClCompile Include="$(SolutionDir)\3rdparty\niflib\src\gen\ByteColor3.cpp">
      <Filter>Niflib</Filter>
    </ClCompile>
    <ClCompile Include="$(SolutionDir)\3rdparty\niflib\src\gen\ByteColor4.cpp">
      <Filter>Niflib</Filter>
    </ClCompile>
    <ClCompile Include="$(SolutionDir)\3rdparty\niflib\src\gen\ByteMatrix.cpp">
      <Filter>Niflib</Filter>
    </ClCompile>
    <ClCompile Include="$(SolutionDir)\3rdparty\niflib\src\gen\CapsuleBV.cpp">
      <Filter>Niflib</Filter>
    </ClCompile>
    <ClCompile Include="$(SolutionDir)\3rdparty\niflib\src\gen\ChannelData.cpp">
      <Filter>Niflib</Filter>
    </ClCompile>
    <ClCompile Include="$(SolutionDir)\3rdparty\niflib\src\gen\ControllerLink.cpp">
      <Filter>Niflib</Filter>
    </ClCompile>
    <ClCompile Include="$(SolutionDir)\3rdparty\tootle\src\TootleLib\RayTracer\Math\JMLFuncs.cpp">
      <Filter>Tootle</Filter>
    </ClCompile>
    <ClCompile Include="$(SolutionDir)\3rdparty\tootle\src\TootleLib\RayTracer\JRT\JRTBoundingBox.cpp">
      <Filter>Tootle</Filter>
    </ClCompile>
    <ClCompile Include="$(SolutionDir)\3rdparty\tootle\src\TootleLib\RayTracer\JRT\JRTCamera.cpp">
      <Filter>Tootle</Filter>
    </ClCompile>
    <ClCompile Include="$(SolutionDir)\3rdparty\tootle\src\TootleLib\RayTracer\JRT\JRTCore.cpp">
      <Filter>Tootle</Filter>
    </ClCompile>
    <ClCompile Include="$(SolutionDir)\3rdparty\tootle\src\TootleLib\RayTracer\JRT\JRTCoreUtils.cpp">
      <Filter>Tootle</Filter>
    </ClCompile>
    <ClCompile Include="$(SolutionDir)\3rdparty\tootle\src\TootleLib\RayTracer\JRT\JRTH2KDTreeBuilder.cpp">
      <Filter>Tootle</Filter>
    </ClCompile>
    <ClCompile Include="$(SolutionDir)\3rdparty\tootle\src\TootleLib\RayTracer\JRT\JRTHeuristicKDTreeBuilder.cpp">
      <Filter>Tootle</Filter>
    </ClCompile>
    <ClCompile Include="$(SolutionDir)\3rdparty\tootle\src\TootleLib\RayTracer\JRT\JRTKDTree.cpp">
      <Filter>Tootle</Filter>
    </ClCompile>
    <ClCompile Include="$(SolutionDir)\3rdparty\tootle\src\TootleLib\RayTracer\JRT\JRTKDTreeBuilder.cpp">
      <Filter>Tootle</Filter>
    </ClCompile>
    <ClCompile Include="$(SolutionDir)\3rdparty\tootle\src\TootleLib\RayTracer\JRT\JRTMesh.cpp">
      <Filter>Tootle</Filter>
    </ClCompile>
    <ClCompile Include="$(SolutionDir)\3rdparty\tootle\src\TootleLib\RayTracer\JRT\JRTOrthoCamera.cpp">
      <Filter>Tootle</Filter>
    </ClCompile>
    <ClCompile Include="$(SolutionDir)\3rdparty\tootle\src\TootleLib\RayTracer\JRT\JRTPPMImage.cpp">
      <Filter>Tootle</Filter>
    </ClCompile>
    <ClCompile Include="$(SolutionDir)\3rdparty\tootle\src\TootleLib\RayTracer\JRT\JRTTriangleIntersection.cpp">
      <Filter>Tootle</Filter>
    </ClCompile>
    <ClCompile Include="$(SolutionDir)\3rdparty\tootle\src\TootleLib\RayTracer\TootleRaytracer.cpp">
      <Filter>Tootle</Filter>
    </ClCompile>
    <ClCompile Include="$(SolutionDir)\3rdparty\tootle\src\TootleLib\tootlelib.cpp">
      <Filter>Tootle</Filter>
    </ClCompile>
    <ClCompile Include="$(SolutionDir)\3rdparty\niflib\src\obj\HairShaderProperty.cpp">
      <Filter>Niflib</Filter>
    </ClCompile>
    <ClCompile Include="$(SolutionDir)\3rdparty\niflib\src\gen\HalfSpaceBV.cpp">
      <Filter>Niflib</Filter>
    </ClCompile>
    <ClCompile Include="$(SolutionDir)\3rdparty\tootle\src\TootleLib\gdiwm.cpp">
      <Filter>Tootle</Filter>
    </ClCompile>
    <ClCompile Include="$(SolutionDir)\3rdparty\niflib\src\obj\AbstractAdditionalGeometryData.cpp">
      <Filter>Niflib</Filter>
    </ClCompile>
    <ClCompile Include="$(SolutionDir)\3rdparty\niflib\src\obj\ATextureRenderData.cpp">
      <Filter>Niflib</Filter>
    </ClCompile>
    <ClCompile Include="$(SolutionDir)\3rdparty\niflib\src\obj\AvoidNode.cpp">
      <Filter>Niflib</Filter>
    </ClCompile>
    <ClCompile Include="$(SolutionDir)\3rdparty\niflib\src\ComplexShape.cpp">
      <Filter>Niflib</Filter>
    </ClCompile>
    <ClCompile Include="$(SolutionDir)\3rdparty\niflib\TriStripper\connectivity_graph.cpp">
      <Filter>Niflib</Filter>
    </ClCompile>
    <ClCompile Include="$(SolutionDir)\3rdparty\niflib\src\obj\CStreamableAssetData.cpp">
      <Filter>Niflib</Filter>
    </ClCompile>
    <ClCompile Include="$(SolutionDir)\3rdparty\niflib\src\gen\DecalVectorArray.cpp">
      <Filter>Niflib</Filter>
    </ClCompile>
    <ClCompile Include="$(SolutionDir)\3rdparty\niflib\src\obj\DistantLODShaderProperty.cpp">
      <Filter>Niflib</Filter>
    </ClCompile>
    <ClCompile Include="$(SolutionDir)\3rdparty\niflib\src\gen\ElementReference.cpp">
      <Filter>Niflib</Filter>
    </ClCompile>
    <ClCompile Include="$(SolutionDir)\3rdparty\niflib\src\gen\ExportInfo.cpp">
      <Filter>Niflib</Filter>
    </ClCompile>
    <ClCompile Include="$(SolutionDir)\3rdparty\niflib\src\gen\Footer.cpp">
      <Filter>Niflib</Filter>
    </ClCompile>
    <ClCompile Include="$(SolutionDir)\3rdparty\niflib\src\gen\FurniturePosition.cpp">
      <Filter>Niflib</Filter>
    </ClCompile>
    <ClCompile Include="$(SolutionDir)\3rdparty\niflib\src\obj\FxButton.cpp">
      <Filter>Niflib</Filter>
    </ClCompile>
    <ClCompile Include="$(SolutionDir)\3rdparty\niflib\src\obj\FxRadioButton.cpp">
      <Filter>Niflib</Filter>
    </ClCompile>
    <ClCompile Include="$(SolutionDir)\3rdparty\niflib\src\obj\FxWidget.cpp">
      <Filter>Niflib</Filter>
    </ClCompile>
    <ClCompile Include="$(SolutionDir)\3rdparty\niflib\src\gen\Header.cpp">
      <Filter>Niflib</Filter>
    </ClCompile>
    <ClCompile Include="$(SolutionDir)\3rdparty\niflib\src\gen\HingeDescriptor.cpp">
      <Filter>Niflib</Filter>
    </ClCompile>
    <ClCompile Include="$(SolutionDir)\3rdparty\niflib\src\Inertia.cpp">
      <Filter>Niflib</Filter>
    </ClCompile>
    <ClCompile Include="$(SolutionDir)\3rdparty\niflib\src\kfm.cpp">
      <Filter>Niflib</Filter>
    </ClCompile>
    <ClCompile Include="$(SolutionDir)\3rdparty\niflib\src\obj\Lighting30ShaderProperty.cpp">
      <Filter>Niflib</Filter>
    </ClCompile>
    <ClCompile Include="$(SolutionDir)\3rdparty\niflib\src\gen\LimitedHingeDescriptor.cpp">
      <Filter>Niflib</Filter>
    </ClCompile>
    <ClCompile Include="$(SolutionDir)\3rdparty\niflib\src\gen\LODRange.cpp">
      <Filter>Niflib</Filter>
    </ClCompile>
    <ClCompile Include="$(SolutionDir)\3rdparty\niflib\src\gen\MaterialData.cpp">
      <Filter>Niflib</Filter>
    </ClCompile>
    <ClCompile Include="$(SolutionDir)\3rdparty\niflib\src\MatTexCollection.cpp">
      <Filter>Niflib</Filter>
    </ClCompile>
    <ClCompile Include="$(SolutionDir)\3rdparty\niflib\src\NIF_IO.cpp">
      <Filter>Niflib</Filter>
    </ClCompile>
    <ClCompile Include="$(SolutionDir)\3rdparty\niflib\src\nif_math.cpp">
      <Filter>Niflib</Filter>
    </ClCompile>
    <ClCompile Include="$(SolutionDir)\3rdparty\niflib\src\ObjectRegistry.cpp">
      <Filter>Niflib</Filter>
    </ClCompile>
    <ClCompile Include="$(SolutionDir)\3rdparty\niflib\src\gen\OblivionColFilter.cpp">
      <Filter>Niflib</Filter>
    </ClCompile>
    <ClCompile Include="$(SolutionDir)\3rdparty\niflib\src\gen\OblivionSubShape.cpp">
      <Filter>Niflib</Filter>
    </ClCompile>
    <ClCompile Include="$(SolutionDir)\3rdparty\niflib\src\gen\OldSkinData.cpp">
      <Filter>Niflib</Filter>
    </ClCompile>
    <ClCompile Include="$(SolutionDir)\3rdparty\niflib\src\gen\Particle.cpp">
      <Filter>Niflib</Filter>
    </ClCompile>
    <ClCompile Include="$(SolutionDir)\3rdparty\niflib\src\gen\ParticleDesc.cpp">
      <Filter>Niflib</Filter>
    </ClCompile>
    <ClCompile Include="$(SolutionDir)\3rdparty\niflib\src\pch.cpp">
      <Filter>Niflib</Filter>
    </ClCompile>
    <ClCompile Include="$(SolutionDir)\3rdparty\niflib\src\gen\physXMaterialRef.cpp">
      <Filter>Niflib</Filter>
    </ClCompile>
    <ClCompile Include="$(SolutionDir)\3rdparty\niflib\TriStripper\policy.cpp">
      <Filter>Niflib</Filter>
    </ClCompile>
    <ClCompile Include="$(SolutionDir)\3rdparty\niflib\src\gen\Polygon.cpp">
      <Filter>Niflib</Filter>
    </ClCompile>
    <ClCompile Include="$(SolutionDir)\3rdparty\niflib\src\gen\QTransform.cpp">
      <Filter>Niflib</Filter>
    </ClCompile>
    <ClCompile Include="$(SolutionDir)\3rdparty\niflib\src\gen\QuaternionXYZW.cpp">
      <Filter>Niflib</Filter>
    </ClCompile>
    <ClCompile Include="$(SolutionDir)\3rdparty\niflib\src\gen\RagdollDescriptor.cpp">
      <Filter>Niflib</Filter>
    </ClCompile>
    <ClCompile Include="$(SolutionDir)\3rdparty\niflib\src\RefObject.cpp">
      <Filter>Niflib</Filter>
    </ClCompile>
    <ClCompile Include="$(SolutionDir)\3rdparty\niflib\src\gen\Region.cpp">
      <Filter>Niflib</Filter>
    </ClCompile>
    <ClCompile Include="$(SolutionDir)\3rdparty\niflib\src\gen\register.cpp">
      <Filter>Niflib</Filter>
    </ClCompile>
    <ClCompile Include="$(SolutionDir)\3rdparty\niflib\src\obj\RootCollisionNode.cpp">
      <Filter>Niflib</Filter>
    </ClCompile>
    <ClCompile Include="$(SolutionDir)\3rdparty\niflib\src\gen\SemanticData.cpp">
      <Filter>Niflib</Filter>
    </ClCompile>
    <ClCompile Include="$(SolutionDir)\3rdparty\niflib\src\gen\ShaderTexDesc.cpp">
      <Filter>Niflib</Filter>
    </ClCompile>
    <ClCompile Include="$(SolutionDir)\3rdparty\niflib\src\gen\SkinData.cpp">
      <Filter>Niflib</Filter>
    </ClCompile>
    <ClCompile Include="$(SolutionDir)\3rdparty\niflib\src\gen\SkinPartition.cpp">
      <Filter>Niflib</Filter>
    </ClCompile>
    <ClCompile Include="$(SolutionDir)\3rdparty\niflib\src\gen\SkinPartitionUnknownItem1.cpp">
      <Filter>Niflib</Filter>
    </ClCompile>
    <ClCompile Include="$(SolutionDir)\3rdparty\niflib\src\gen\SkinShape.cpp">
      <Filter>Niflib</Filter>
    </ClCompile>
    <ClCompile Include="$(SolutionDir)\3rdparty\niflib\src\gen\SkinShapeGroup.cpp">
      <Filter>Niflib</Filter>
    </ClCompile>
    <ClCompile Include="$(SolutionDir)\3rdparty\niflib\src\gen\SkinTransform.cpp">
      <Filter>Niflib</Filter>
    </ClCompile>
    <ClCompile Include="$(SolutionDir)\3rdparty\niflib\src\gen\SkinWeight.cpp">
      <Filter>Niflib</Filter>
    </ClCompile>
    <ClCompile Include="$(SolutionDir)\3rdparty\niflib\src\obj\SkyShaderProperty.cpp">
      <Filter>Niflib</Filter>
    </ClCompile>
    <ClCompile Include="$(SolutionDir)\3rdparty\niflib\src\gen\Sphere.cpp">
      <Filter>Niflib</Filter>
    </ClCompile>
    <ClCompile Include="$(SolutionDir)\3rdparty\niflib\src\gen\SphereBV.cpp">
      <Filter>Niflib</Filter>
    </ClCompile>
    <ClCompile Include="$(SolutionDir)\3rdparty\niflib\src\gen\StringPalette.cpp">
      <Filter>Niflib</Filter>
    </ClCompile>
    <ClCompile Include="$(SolutionDir)\3rdparty\niflib\src\obj\TallGrassShaderProperty.cpp">
      <Filter>Niflib</Filter>
    </ClCompile>
    <ClCompile Include="$(SolutionDir)\3rdparty\niflib\src\gen\TBC.cpp">
      <Filter>Niflib</Filter>
    </ClCompile>
    <ClCompile Include="$(SolutionDir)\3rdparty\niflib\src\gen\TexDesc.cpp">
      <Filter>Niflib</Filter>
    </ClCompile>
    <ClCompile Include="$(SolutionDir)\3rdparty\niflib\src\gen\TexSource.cpp">
      <Filter>Niflib</Filter>
    </ClCompile>
    <ClCompile Include="$(SolutionDir)\3rdparty\niflib\src\obj\TileShaderProperty.cpp">
      <Filter>Niflib</Filter>
    </ClCompile>
    <ClCompile Include="$(SolutionDir)\3rdparty\niflib\TriStripper\tri_stripper.cpp">
      <Filter>Niflib</Filter>
    </ClCompile>
    <ClCompile Include="$(SolutionDir)\3rdparty\niflib\src\Type.cpp">
      <Filter>Niflib</Filter>
    </ClCompile>
    <ClCompile Include="$(SolutionDir)\3rdparty\niflib\src\gen\UnionBV.cpp">
      <Filter>Niflib</Filter>
    </ClCompile>
    <ClCompile Include="$(SolutionDir)\3rdparty\niflib\src\gen\UnknownMatrix1.cpp">
      <Filter>Niflib</Filter>
    </ClCompile>
    <ClCompile Include="$(SolutionDir)\3rdparty\niflib\NvTriStrip\VertexCache.cpp">
      <Filter>Niflib</Filter>
    </ClCompile>
    <ClCompile Include="$(SolutionDir)\3rdparty\niflib\src\obj\VolumetricFogShaderProperty.cpp">
      <Filter>Niflib</Filter>
    </ClCompile>
    <ClCompile Include="$(SolutionDir)\3rdparty\niflib\src\obj\WaterShaderProperty.cpp">
      <Filter>Niflib</Filter>
    </ClCompile>
    <ClCompile Include="progmesh\CollapseTriangle.cpp" />
    <ClCompile Include="progmesh\CollapseVertex.cpp" />
    <ClCompile Include="progmesh\ProgMesh.cpp" />
    <ClCompile Include="$(SolutionDir)\3rdparty\tootle\src\TootleLib\soup.cpp">
      <Filter>Tootle</Filter>
    </ClCompile>
    <ClCompile Include="$(SolutionDir)\3rdparty\tootle\src\TootleLib\souptomesh.cpp">
      <Filter>Tootle</Filter>
    </ClCompile>
    <ClCompile Include="$(SolutionDir)\3rdparty\tootle\src\TootleLib\overdraw.cpp">
      <Filter>Tootle</Filter>
    </ClCompile>
    <ClCompile Include="$(SolutionDir)\3rdparty\tootle\src\TootleLib\Stripifier.cpp">
      <Filter>Tootle</Filter>
    </ClCompile>
    <ClCompile Include="$(SolutionDir)\3rdparty\tootle\src\TootleLib\Timer.cpp">
      <Filter>Tootle</Filter>
    </ClCompile>
    <ClCompile Include="$(SolutionDir)\3rdparty\tootle\src\TootleLib\triorder.cpp">
      <Filter>Tootle</Filter>
    </ClCompile>
  </ItemGroup>
  <ItemGroup>
    <None Include="exports.def" />
  </ItemGroup>
  <ItemGroup>
    <Filter Include="Niflib">
      <UniqueIdentifier>{fc106eed-bd8b-4e6e-825d-ee96b95be1da}</UniqueIdentifier>
    </Filter>
    <Filter Include="Tootle">
      <UniqueIdentifier>{9c21ed42-96ea-4273-b9cc-0b341d0434cf}</UniqueIdentifier>
    </Filter>
  </ItemGroup>
</Project>